
Microsoft Visual Studio Solution File, Format Version 12.00
# Visual Studio Version 16
VisualStudioVersion = 16.0.30611.23
MinimumVisualStudioVersion = 10.0.40219.1
Project("{FAE04EC0-301F-11D3-BF4B-00C04F79EFBC}") = "PayrollSystem", "PayrollSystem\PayrollSystem.csproj", "{A5B8D49B-7B92-4F7F-998F-F4CAB4AF6151}"
EndProject
Global
	GlobalSection(SolutionConfigurationPlatforms) = preSolution
		Debug|Any CPU = Debug|Any CPU
		Release|Any CPU = Release|Any CPU
	EndGlobalSection
	GlobalSection(ProjectConfigurationPlatforms) = postSolution
		{A5B8D49B-7B92-4F7F-998F-F4CAB4AF6151}.Debug|Any CPU.ActiveCfg = Debug|Any CPU
		{A5B8D49B-7B92-4F7F-998F-F4CAB4AF6151}.Debug|Any CPU.Build.0 = Debug|Any CPU
		{A5B8D49B-7B92-4F7F-998F-F4CAB4AF6151}.Release|Any CPU.ActiveCfg = Release|Any CPU
		{A5B8D49B-7B92-4F7F-998F-F4CAB4AF6151}.Release|Any CPU.Build.0 = Release|Any CPU
	EndGlobalSection
	GlobalSection(SolutionProperties) = preSolution
		HideSolutionNode = FALSE
	EndGlobalSection
	GlobalSection(ExtensibilityGlobals) = postSolution
		SolutionGuid = {5D76DFDB-12B9-4643-B945-B9B04BBDC6A2}
	EndGlobalSection
EndGlobal
